
Microsoft Visual Studio Solution File, Format Version 12.00
# Visual Studio Version 16
VisualStudioVersion = 16.0.30128.74
MinimumVisualStudioVersion = 10.0.40219.1
Project("{FAE04EC0-301F-11D3-BF4B-00C04F79EFBC}") = "PrimeFun", "PrimeFun\PrimeFun.csproj", "{9B941240-6674-4D75-8886-979532E371A9}"
EndProject
Global
	GlobalSection(SolutionConfigurationPlatforms) = preSolution
		Debug|Any CPU = Debug|Any CPU
		Release|Any CPU = Release|Any CPU
	EndGlobalSection
	GlobalSection(ProjectConfigurationPlatforms) = postSolution
		{9B941240-6674-4D75-8886-979532E371A9}.Debug|Any CPU.ActiveCfg = Debug|Any CPU
		{9B941240-6674-4D75-8886-979532E371A9}.Debug|Any CPU.Build.0 = Debug|Any CPU
		{9B941240-6674-4D75-8886-979532E371A9}.Release|Any CPU.ActiveCfg = Release|Any CPU
		{9B941240-6674-4D75-8886-979532E371A9}.Release|Any CPU.Build.0 = Release|Any CPU
	EndGlobalSection
	GlobalSection(SolutionProperties) = preSolution
		HideSolutionNode = FALSE
	EndGlobalSection
	GlobalSection(ExtensibilityGlobals) = postSolution
		SolutionGuid = {635B8116-F8A1-4F04-B67C-E6FBC8731239}
	EndGlobalSection
EndGlobal
